
Microsoft Visual Studio Solution File, Format Version 12.00
# Visual Studio Version 16
VisualStudioVersion = 16.0.29609.76
MinimumVisualStudioVersion = 10.0.40219.1
Project("{9A19103F-16F7-4668-BE54-9A1E7A4F7556}") = "XyTube.Core", "XyTube.Core\XyTube.Core.csproj", "{9B276BBC-166E-443B-94A6-52AC2D5A992D}"
EndProject
Project("{FAE04EC0-301F-11D3-BF4B-00C04F79EFBC}") = "XyTube.Tests", "XyTube.Tests\XyTube.Tests.csproj", "{B2C3E0AC-2A69-4F37-B084-66B0088C4C6F}"
EndProject
Project("{FAE04EC0-301F-11D3-BF4B-00C04F79EFBC}") = "XyTube.UI", "XyTube.UI\XyTube.UI.csproj", "{4B993D25-1DAD-4769-BC4A-595F21C82837}"
EndProject
Project("{FAE04EC0-301F-11D3-BF4B-00C04F79EFBC}") = "XyTube.Explode", "XyTube.Explode\XyTube.Explode.csproj", "{95AAB853-A446-409D-85F5-9554B35DBFD9}"
EndProject
Global
	GlobalSection(SolutionConfigurationPlatforms) = preSolution
		Debug|Any CPU = Debug|Any CPU
		Release|Any CPU = Release|Any CPU
	EndGlobalSection
	GlobalSection(ProjectConfigurationPlatforms) = postSolution
		{9B276BBC-166E-443B-94A6-52AC2D5A992D}.Debug|Any CPU.ActiveCfg = Debug|Any CPU
		{9B276BBC-166E-443B-94A6-52AC2D5A992D}.Debug|Any CPU.Build.0 = Debug|Any CPU
		{9B276BBC-166E-443B-94A6-52AC2D5A992D}.Release|Any CPU.ActiveCfg = Release|Any CPU
		{9B276BBC-166E-443B-94A6-52AC2D5A992D}.Release|Any CPU.Build.0 = Release|Any CPU
		{B2C3E0AC-2A69-4F37-B084-66B0088C4C6F}.Debug|Any CPU.ActiveCfg = Debug|Any CPU
		{B2C3E0AC-2A69-4F37-B084-66B0088C4C6F}.Debug|Any CPU.Build.0 = Debug|Any CPU
		{B2C3E0AC-2A69-4F37-B084-66B0088C4C6F}.Release|Any CPU.ActiveCfg = Release|Any CPU
		{B2C3E0AC-2A69-4F37-B084-66B0088C4C6F}.Release|Any CPU.Build.0 = Release|Any CPU
		{4B993D25-1DAD-4769-BC4A-595F21C82837}.Debug|Any CPU.ActiveCfg = Debug|Any CPU
		{4B993D25-1DAD-4769-BC4A-595F21C82837}.Debug|Any CPU.Build.0 = Debug|Any CPU
		{4B993D25-1DAD-4769-BC4A-595F21C82837}.Release|Any CPU.ActiveCfg = Release|Any CPU
		{4B993D25-1DAD-4769-BC4A-595F21C82837}.Release|Any CPU.Build.0 = Release|Any CPU
		{95AAB853-A446-409D-85F5-9554B35DBFD9}.Debug|Any CPU.ActiveCfg = Debug|Any CPU
		{95AAB853-A446-409D-85F5-9554B35DBFD9}.Debug|Any CPU.Build.0 = Debug|Any CPU
		{95AAB853-A446-409D-85F5-9554B35DBFD9}.Release|Any CPU.ActiveCfg = Release|Any CPU
		{95AAB853-A446-409D-85F5-9554B35DBFD9}.Release|Any CPU.Build.0 = Release|Any CPU
	EndGlobalSection
	GlobalSection(SolutionProperties) = preSolution
		HideSolutionNode = FALSE
	EndGlobalSection
	GlobalSection(ExtensibilityGlobals) = postSolution
		SolutionGuid = {2A189BD0-008F-439B-84B0-F16372497ACC}
	EndGlobalSection
EndGlobal
